
Microsoft Visual Studio Solution File, Format Version 12.00
# Visual Studio 2012
Project("{FAE04EC0-301F-11D3-BF4B-00C04F79EFBC}") = "PruebaMVC", "PruebaMVC\PruebaMVC.csproj", "{D6639406-CBD3-479B-B9C6-A6578670243C}"
EndProject
Project("{FAE04EC0-301F-11D3-BF4B-00C04F79EFBC}") = "PruebaMVC.Tests", "PruebaMVC.Tests\PruebaMVC.Tests.csproj", "{807F33C1-8233-4FBF-B3B1-BB5D5E68080A}"
EndProject
Global
	GlobalSection(SolutionConfigurationPlatforms) = preSolution
		Debug|Any CPU = Debug|Any CPU
		Release|Any CPU = Release|Any CPU
	EndGlobalSection
	GlobalSection(ProjectConfigurationPlatforms) = postSolution
		{D6639406-CBD3-479B-B9C6-A6578670243C}.Debug|Any CPU.ActiveCfg = Debug|Any CPU
		{D6639406-CBD3-479B-B9C6-A6578670243C}.Debug|Any CPU.Build.0 = Debug|Any CPU
		{D6639406-CBD3-479B-B9C6-A6578670243C}.Release|Any CPU.ActiveCfg = Release|Any CPU
		{D6639406-CBD3-479B-B9C6-A6578670243C}.Release|Any CPU.Build.0 = Release|Any CPU
		{807F33C1-8233-4FBF-B3B1-BB5D5E68080A}.Debug|Any CPU.ActiveCfg = Debug|Any CPU
		{807F33C1-8233-4FBF-B3B1-BB5D5E68080A}.Debug|Any CPU.Build.0 = Debug|Any CPU
		{807F33C1-8233-4FBF-B3B1-BB5D5E68080A}.Release|Any CPU.ActiveCfg = Release|Any CPU
		{807F33C1-8233-4FBF-B3B1-BB5D5E68080A}.Release|Any CPU.Build.0 = Release|Any CPU
	EndGlobalSection
	GlobalSection(SolutionProperties) = preSolution
		HideSolutionNode = FALSE
	EndGlobalSection
EndGlobal
